
Microsoft Visual Studio Solution File, Format Version 12.00
# Visual Studio Version 17
VisualStudioVersion = 17.10.35027.167
MinimumVisualStudioVersion = 10.0.40219.1
Project("{FAE04EC0-301F-11D3-BF4B-00C04F79EFBC}") = "ATM", "ATM\ATM.csproj", "{0005A922-78CA-4902-A321-F018C742D630}"
EndProject
Global
	GlobalSection(SolutionConfigurationPlatforms) = preSolution
		Debug|Any CPU = Debug|Any CPU
		Release|Any CPU = Release|Any CPU
	EndGlobalSection
	GlobalSection(ProjectConfigurationPlatforms) = postSolution
		{0005A922-78CA-4902-A321-F018C742D630}.Debug|Any CPU.ActiveCfg = Debug|Any CPU
		{0005A922-78CA-4902-A321-F018C742D630}.Debug|Any CPU.Build.0 = Debug|Any CPU
		{0005A922-78CA-4902-A321-F018C742D630}.Release|Any CPU.ActiveCfg = Release|Any CPU
		{0005A922-78CA-4902-A321-F018C742D630}.Release|Any CPU.Build.0 = Release|Any CPU
	EndGlobalSection
	GlobalSection(SolutionProperties) = preSolution
		HideSolutionNode = FALSE
	EndGlobalSection
	GlobalSection(ExtensibilityGlobals) = postSolution
		SolutionGuid = {44714C2F-03FE-471C-9D32-5E3A1C65A4D7}
	EndGlobalSection
EndGlobal
